<?xml version="1.0" encoding="utf-8"?>
<Project ToolsVersion="4.0" xmlns="http://schemas.microsoft.com/developer/msbuild/2003">
  <ItemGroup>
    <Filter Include="Fichiers sources">
      <UniqueIdentifier>{4FC737F1-C7A5-4376-A066-2A32D752A2FF}</UniqueIdentifier>
      <Extensions>cpp;c;cc;cxx;c++;cppm;ixx;def;odl;idl;hpj;bat;asm;asmx</Extensions>
    </Filter>
    <Filter Include="Fichiers d%27en-tête">
      <UniqueIdentifier>{93995380-89BD-4b04-88EB-625FBE52EBFB}</UniqueIdentifier>
      <Extensions>h;hh;hpp;hxx;h++;hm;inl;inc;ipp;xsd</Extensions>
    </Filter>
    <Filter Include="Fichiers de ressources">
      <UniqueIdentifier>{67DA6AB6-F800-4c08-8B7A-83BB121AAD01}</UniqueIdentifier>
      <Extensions>rc;ico;cur;bmp;dlg;rc2;rct;bin;rgs;gif;jpg;jpeg;jpe;resx;tiff;tif;png;wav;mfcribbon-ms</Extensions>
    </Filter>
    <Filter Include="Fichiers sources\Assets">
      <UniqueIdentifier>{16583351-6dde-4a75-a89c-5760d679956f}</UniqueIdentifier>
    </Filter>
    <Filter Include="Fichiers sources\Assets\Image">
      <UniqueIdentifier>{f9ce01a0-9eac-4d34-b8a7-642956024164}</UniqueIdentifier>
    </Filter>
    <Filter Include="Fichiers sources\Assets\Audio">
      <UniqueIdentifier>{f1f0f344-accb-4bf7-a6ad-19433a487096}</UniqueIdentifier>
    </Filter>
    <Filter Include="Fichiers sources\Assets\Font">
      <UniqueIdentifier>{3e30316b-c031-47cc-842d-b3b9b366c441}</UniqueIdentifier>
    </Filter>
  </ItemGroup>
  <ItemGroup>
    <ClCompile Include="Main.cpp">
      <Filter>Fichiers sources</Filter>
    </ClCompile>
    <ClCompile Include="Menu.cpp">
      <Filter>Fichiers sources</Filter>
    </ClCompile>
  </ItemGroup>
  <ItemGroup>
    <Media Include="..\..\..\..\Downloads\sound_click.wav">
      <Filter>Fichiers sources\Assets\Audio</Filter>
    </Media>
    <Media Include="..\..\..\..\Downloads\UI-Click_Sound.wav">
      <Filter>Fichiers sources\Assets\Audio</Filter>
    </Media>
    <Media Include="Assets\Audio\572__aarondbaron__ambienceforyou.wav">
      <Filter>Fichiers sources\Assets\Audio</Filter>
    </Media>
  </ItemGroup>
  <ItemGroup>
    <Font Include="..\..\..\..\Downloads\Super_Mario_64_font.ttf">
      <Filter>Fichiers sources\Assets\Font</Filter>
    </Font>
  </ItemGroup>
  <ItemGroup>
    <Image Include="..\..\..\..\Downloads\Young_Sun_Tzu_cosplay_Mario.jpg">
      <Filter>Fichiers sources\Assets\Image</Filter>
    </Image>
  </ItemGroup>
  <ItemGroup>
    <ClInclude Include="Menu.h">
      <Filter>Fichiers d%27en-tête</Filter>
    </ClInclude>
  </ItemGroup>
</Project>